{
  "requires": true,
  "lockfileVersion": 1,
  "dependencies": {
    "mini-antui": {
      "version": "0.4.31",
      "resolved": "https://registry.npmjs.org/mini-antui/-/mini-antui-0.4.31.tgz",
      "integrity": "sha512-PsUKnJPOWG1dWez+4dt0a+ju/jq77zOSzI9ATKEZaC+uA1q7A7AETeadwdk1Lk8uaz89hK+dN9loXM//oROuKA=="
    },
    "umtrack-alipay": {
      "version": "1.0.5",
      "resolved": "https://registry.npmjs.org/umtrack-alipay/-/umtrack-alipay-1.0.5.tgz",
      "integrity": "sha512-uzWzprMY60rr6eIDLYYlOTPP+F7J3m0KLrpPBmXjgBNry4upkZYB4WBiGZ/9PqvMs6lw5S1oOZu+tYY5JvTd6Q=="
    }
  }
}
